
Microsoft Visual Studio Solution File, Format Version 12.00
# Visual Studio Version 16
VisualStudioVersion = 16.0.28721.148
MinimumVisualStudioVersion = 10.0.40219.1
Project("{FAE04EC0-301F-11D3-BF4B-00C04F79EFBC}") = "DivisionGames", "DivisionGame\DivisionGames.csproj", "{BA0EB15A-B04F-4AFA-B0FD-AE679DD00273}"
EndProject
Project("{FAE04EC0-301F-11D3-BF4B-00C04F79EFBC}") = "DivisionGameTests", "DivisionGameTests\DivisionGameTests.csproj", "{F6059199-7BC2-41CA-8581-C6FDEB8615A6}"
EndProject
Global
	GlobalSection(SolutionConfigurationPlatforms) = preSolution
		Debug|Any CPU = Debug|Any CPU
		Release|Any CPU = Release|Any CPU
	EndGlobalSection
	GlobalSection(ProjectConfigurationPlatforms) = postSolution
		{BA0EB15A-B04F-4AFA-B0FD-AE679DD00273}.Debug|Any CPU.ActiveCfg = Debug|Any CPU
		{BA0EB15A-B04F-4AFA-B0FD-AE679DD00273}.Debug|Any CPU.Build.0 = Debug|Any CPU
		{BA0EB15A-B04F-4AFA-B0FD-AE679DD00273}.Release|Any CPU.ActiveCfg = Release|Any CPU
		{BA0EB15A-B04F-4AFA-B0FD-AE679DD00273}.Release|Any CPU.Build.0 = Release|Any CPU
		{F6059199-7BC2-41CA-8581-C6FDEB8615A6}.Debug|Any CPU.ActiveCfg = Debug|Any CPU
		{F6059199-7BC2-41CA-8581-C6FDEB8615A6}.Debug|Any CPU.Build.0 = Debug|Any CPU
		{F6059199-7BC2-41CA-8581-C6FDEB8615A6}.Release|Any CPU.ActiveCfg = Release|Any CPU
		{F6059199-7BC2-41CA-8581-C6FDEB8615A6}.Release|Any CPU.Build.0 = Release|Any CPU
	EndGlobalSection
	GlobalSection(SolutionProperties) = preSolution
		HideSolutionNode = FALSE
	EndGlobalSection
	GlobalSection(ExtensibilityGlobals) = postSolution
		SolutionGuid = {6F3FCF97-F484-4FFC-BB35-CCEF0C231B7B}
	EndGlobalSection
EndGlobal
